
Microsoft Visual Studio Solution File, Format Version 12.00
# Visual Studio Version 16
VisualStudioVersion = 16.0.31205.134
MinimumVisualStudioVersion = 10.0.40219.1
Project("{9A19103F-16F7-4668-BE54-9A1E7A4F7556}") = "GenericEMP", "GenericEMP\GenericEMP.csproj", "{5C24C884-97E1-4282-87FC-963011AB3699}"
EndProject
Project("{9A19103F-16F7-4668-BE54-9A1E7A4F7556}") = "ThreadingAssignment", "ThreadingAssignment\ThreadingAssignment.csproj", "{576C55A6-0BA8-4893-A252-42C1AC5A1961}"
EndProject
Project("{9A19103F-16F7-4668-BE54-9A1E7A4F7556}") = "FirstCoreApp", "FirstCoreApp\FirstCoreApp.csproj", "{28A6C7D0-F602-4E08-9933-9AC74554E979}"
EndProject
Project("{9A19103F-16F7-4668-BE54-9A1E7A4F7556}") = "CRUD", "CRUD\CRUD.csproj", "{32C833A4-5E8C-448E-9FA0-9C45E8C0E47C}"
EndProject
Project("{9A19103F-16F7-4668-BE54-9A1E7A4F7556}") = "CodeFirst", "CodeFirst\CodeFirst.csproj", "{165F1DD5-CC15-4B02-B21F-2DCE6455911A}"
EndProject
Project("{9A19103F-16F7-4668-BE54-9A1E7A4F7556}") = "UnitTest", "UnitTest\UnitTest.csproj", "{A6AD008D-82BE-48A1-BEB0-8902C03B5FEC}"
EndProject
Project("{9A19103F-16F7-4668-BE54-9A1E7A4F7556}") = "TestCase", "TestCase\TestCase.csproj", "{50943E39-4B9C-4A07-BF05-66F36910C889}"
EndProject
Project("{FAE04EC0-301F-11D3-BF4B-00C04F79EFBC}") = "MSTestProject", "MSTestProject\MSTestProject.csproj", "{ADE77D6B-041A-4D1A-91ED-C8C89F0049B7}"
EndProject
Project("{FAE04EC0-301F-11D3-BF4B-00C04F79EFBC}") = "MSTestDataSource", "MSTestDataSource\MSTestDataSource.csproj", "{98D632D5-AF2E-4E66-8530-982E2DB88B48}"
EndProject
Project("{FAE04EC0-301F-11D3-BF4B-00C04F79EFBC}") = "FrmwrkUserStory", "FrmwrkUserStory\FrmwrkUserStory.csproj", "{1BB11AAE-7039-4424-A6C1-FA0CEF8BF4BA}"
EndProject
Project("{9A19103F-16F7-4668-BE54-9A1E7A4F7556}") = "APICore", "APICore\APICore.csproj", "{477388CF-A3FA-4DEA-BFED-C2087CA406B8}"
EndProject
Project("{9A19103F-16F7-4668-BE54-9A1E7A4F7556}") = "MVCCore", "MVCCore\MVCCore.csproj", "{A9A2852F-9BAB-4C8E-AEDC-39966DFD6DAF}"
EndProject
Project("{FAE04EC0-301F-11D3-BF4B-00C04F79EFBC}") = "Security", "Security\Security.csproj", "{45D0FCF1-B5ED-4870-9BB9-0584E57E3FC1}"
EndProject
Global
	GlobalSection(SolutionConfigurationPlatforms) = preSolution
		Debug|Any CPU = Debug|Any CPU
		Release|Any CPU = Release|Any CPU
	EndGlobalSection
	GlobalSection(ProjectConfigurationPlatforms) = postSolution
		{5C24C884-97E1-4282-87FC-963011AB3699}.Debug|Any CPU.ActiveCfg = Debug|Any CPU
		{5C24C884-97E1-4282-87FC-963011AB3699}.Debug|Any CPU.Build.0 = Debug|Any CPU
		{5C24C884-97E1-4282-87FC-963011AB3699}.Release|Any CPU.ActiveCfg = Release|Any CPU
		{5C24C884-97E1-4282-87FC-963011AB3699}.Release|Any CPU.Build.0 = Release|Any CPU
		{576C55A6-0BA8-4893-A252-42C1AC5A1961}.Debug|Any CPU.ActiveCfg = Debug|Any CPU
		{576C55A6-0BA8-4893-A252-42C1AC5A1961}.Debug|Any CPU.Build.0 = Debug|Any CPU
		{576C55A6-0BA8-4893-A252-42C1AC5A1961}.Release|Any CPU.ActiveCfg = Release|Any CPU
		{576C55A6-0BA8-4893-A252-42C1AC5A1961}.Release|Any CPU.Build.0 = Release|Any CPU
		{28A6C7D0-F602-4E08-9933-9AC74554E979}.Debug|Any CPU.ActiveCfg = Debug|Any CPU
		{28A6C7D0-F602-4E08-9933-9AC74554E979}.Debug|Any CPU.Build.0 = Debug|Any CPU
		{28A6C7D0-F602-4E08-9933-9AC74554E979}.Release|Any CPU.ActiveCfg = Release|Any CPU
		{28A6C7D0-F602-4E08-9933-9AC74554E979}.Release|Any CPU.Build.0 = Release|Any CPU
		{32C833A4-5E8C-448E-9FA0-9C45E8C0E47C}.Debug|Any CPU.ActiveCfg = Debug|Any CPU
		{32C833A4-5E8C-448E-9FA0-9C45E8C0E47C}.Debug|Any CPU.Build.0 = Debug|Any CPU
		{32C833A4-5E8C-448E-9FA0-9C45E8C0E47C}.Release|Any CPU.ActiveCfg = Release|Any CPU
		{32C833A4-5E8C-448E-9FA0-9C45E8C0E47C}.Release|Any CPU.Build.0 = Release|Any CPU
		{165F1DD5-CC15-4B02-B21F-2DCE6455911A}.Debug|Any CPU.ActiveCfg = Debug|Any CPU
		{165F1DD5-CC15-4B02-B21F-2DCE6455911A}.Debug|Any CPU.Build.0 = Debug|Any CPU
		{165F1DD5-CC15-4B02-B21F-2DCE6455911A}.Release|Any CPU.ActiveCfg = Release|Any CPU
		{165F1DD5-CC15-4B02-B21F-2DCE6455911A}.Release|Any CPU.Build.0 = Release|Any CPU
		{A6AD008D-82BE-48A1-BEB0-8902C03B5FEC}.Debug|Any CPU.ActiveCfg = Debug|Any CPU
		{A6AD008D-82BE-48A1-BEB0-8902C03B5FEC}.Debug|Any CPU.Build.0 = Debug|Any CPU
		{A6AD008D-82BE-48A1-BEB0-8902C03B5FEC}.Release|Any CPU.ActiveCfg = Release|Any CPU
		{A6AD008D-82BE-48A1-BEB0-8902C03B5FEC}.Release|Any CPU.Build.0 = Release|Any CPU
		{50943E39-4B9C-4A07-BF05-66F36910C889}.Debug|Any CPU.ActiveCfg = Debug|Any CPU
		{50943E39-4B9C-4A07-BF05-66F36910C889}.Debug|Any CPU.Build.0 = Debug|Any CPU
		{50943E39-4B9C-4A07-BF05-66F36910C889}.Release|Any CPU.ActiveCfg = Release|Any CPU
		{50943E39-4B9C-4A07-BF05-66F36910C889}.Release|Any CPU.Build.0 = Release|Any CPU
		{ADE77D6B-041A-4D1A-91ED-C8C89F0049B7}.Debug|Any CPU.ActiveCfg = Debug|Any CPU
		{ADE77D6B-041A-4D1A-91ED-C8C89F0049B7}.Debug|Any CPU.Build.0 = Debug|Any CPU
		{ADE77D6B-041A-4D1A-91ED-C8C89F0049B7}.Release|Any CPU.ActiveCfg = Release|Any CPU
		{ADE77D6B-041A-4D1A-91ED-C8C89F0049B7}.Release|Any CPU.Build.0 = Release|Any CPU
		{98D632D5-AF2E-4E66-8530-982E2DB88B48}.Debug|Any CPU.ActiveCfg = Debug|Any CPU
		{98D632D5-AF2E-4E66-8530-982E2DB88B48}.Debug|Any CPU.Build.0 = Debug|Any CPU
		{98D632D5-AF2E-4E66-8530-982E2DB88B48}.Release|Any CPU.ActiveCfg = Release|Any CPU
		{98D632D5-AF2E-4E66-8530-982E2DB88B48}.Release|Any CPU.Build.0 = Release|Any CPU
		{1BB11AAE-7039-4424-A6C1-FA0CEF8BF4BA}.Debug|Any CPU.ActiveCfg = Debug|Any CPU
		{1BB11AAE-7039-4424-A6C1-FA0CEF8BF4BA}.Debug|Any CPU.Build.0 = Debug|Any CPU
		{1BB11AAE-7039-4424-A6C1-FA0CEF8BF4BA}.Release|Any CPU.ActiveCfg = Release|Any CPU
		{1BB11AAE-7039-4424-A6C1-FA0CEF8BF4BA}.Release|Any CPU.Build.0 = Release|Any CPU
		{477388CF-A3FA-4DEA-BFED-C2087CA406B8}.Debug|Any CPU.ActiveCfg = Debug|Any CPU
		{477388CF-A3FA-4DEA-BFED-C2087CA406B8}.Debug|Any CPU.Build.0 = Debug|Any CPU
		{477388CF-A3FA-4DEA-BFED-C2087CA406B8}.Release|Any CPU.ActiveCfg = Release|Any CPU
		{477388CF-A3FA-4DEA-BFED-C2087CA406B8}.Release|Any CPU.Build.0 = Release|Any CPU
		{A9A2852F-9BAB-4C8E-AEDC-39966DFD6DAF}.Debug|Any CPU.ActiveCfg = Debug|Any CPU
		{A9A2852F-9BAB-4C8E-AEDC-39966DFD6DAF}.Debug|Any CPU.Build.0 = Debug|Any CPU
		{A9A2852F-9BAB-4C8E-AEDC-39966DFD6DAF}.Release|Any CPU.ActiveCfg = Release|Any CPU
		{A9A2852F-9BAB-4C8E-AEDC-39966DFD6DAF}.Release|Any CPU.Build.0 = Release|Any CPU
		{45D0FCF1-B5ED-4870-9BB9-0584E57E3FC1}.Debug|Any CPU.ActiveCfg = Debug|Any CPU
		{45D0FCF1-B5ED-4870-9BB9-0584E57E3FC1}.Debug|Any CPU.Build.0 = Debug|Any CPU
		{45D0FCF1-B5ED-4870-9BB9-0584E57E3FC1}.Release|Any CPU.ActiveCfg = Release|Any CPU
		{45D0FCF1-B5ED-4870-9BB9-0584E57E3FC1}.Release|Any CPU.Build.0 = Release|Any CPU
	EndGlobalSection
	GlobalSection(SolutionProperties) = preSolution
		HideSolutionNode = FALSE
	EndGlobalSection
	GlobalSection(ExtensibilityGlobals) = postSolution
		SolutionGuid = {5E74C567-1F26-44C9-AC44-3FD7A8E93DC6}
	EndGlobalSection
EndGlobal
